// !$*UTF8*$!
{
	archiveVersion = 1;
	classes = {
	};
	objectVersion = 46;
	objects = {

/* Begin PBXBuildFile section */
		D73502736FAD7952EC4C82E1 /* libPods-zadanie.a in Frameworks */ = {isa = PBXBuildFile; fileRef = E554E76F355D90F934F072A4 /* libPods-zadanie.a */; };
		E7091DB31DFB9ECC007049D4 /* main.m in Sources */ = {isa = PBXBuildFile; fileRef = E7091DB21DFB9ECC007049D4 /* main.m */; };
		E7091DB61DFB9ECC007049D4 /* AppDelegate.m in Sources */ = {isa = PBXBuildFile; fileRef = E7091DB51DFB9ECC007049D4 /* AppDelegate.m */; };
		E7091DBE1DFB9ECC007049D4 /* Assets.xcassets in Resources */ = {isa = PBXBuildFile; fileRef = E7091DBD1DFB9ECC007049D4 /* Assets.xcassets */; };
		E7091DCC1DFB9ECC007049D4 /* zadanieTests.m in Sources */ = {isa = PBXBuildFile; fileRef = E7091DCB1DFB9ECC007049D4 /* zadanieTests.m */; };
		E7091DD71DFB9ECC007049D4 /* zadanieUITests.m in Sources */ = {isa = PBXBuildFile; fileRef = E7091DD61DFB9ECC007049D4 /* zadanieUITests.m */; };
		E7091DEB1DFBA634007049D4 /* SearchBarView.m in Sources */ = {isa = PBXBuildFile; fileRef = E7091DEA1DFBA634007049D4 /* SearchBarView.m */; };
		E7091DF11DFBAC88007049D4 /* PostsListViewViewController.m in Sources */ = {isa = PBXBuildFile; fileRef = E7091DF01DFBAC88007049D4 /* PostsListViewViewController.m */; };
/* End PBXBuildFile section */

/* Begin PBXContainerItemProxy section */
		E7091DC81DFB9ECC007049D4 /* PBXContainerItemProxy */ = {
			isa = PBXContainerItemProxy;
			containerPortal = E7091DA61DFB9ECB007049D4 /* Project object */;
			proxyType = 1;
			remoteGlobalIDString = E7091DAD1DFB9ECB007049D4;
			remoteInfo = zadanie;
		};
		E7091DD31DFB9ECC007049D4 /* PBXContainerItemProxy */ = {
			isa = PBXContainerItemProxy;
			containerPortal = E7091DA61DFB9ECB007049D4 /* Project object */;
			proxyType = 1;
			remoteGlobalIDString = E7091DAD1DFB9ECB007049D4;
			remoteInfo = zadanie;
		};
/* End PBXContainerItemProxy section */

/* Begin PBXFileReference section */
		44605E36E82FDEB2DC18CEEB /* Pods-zadanie.release.xcconfig */ = {isa = PBXFileReference; includeInIndex = 1; lastKnownFileType = text.xcconfig; name = "Pods-zadanie.release.xcconfig"; path = "Pods/Target Support Files/Pods-zadanie/Pods-zadanie.release.xcconfig"; sourceTree = "<group>"; };
		520CC01178FFBDCEE0B1BB69 /* Pods-zadanie.debug.xcconfig */ = {isa = PBXFileReference; includeInIndex = 1; lastKnownFileType = text.xcconfig; name = "Pods-zadanie.debug.xcconfig"; path = "Pods/Target Support Files/Pods-zadanie/Pods-zadanie.debug.xcconfig"; sourceTree = "<group>"; };
		E554E76F355D90F934F072A4 /* libPods-zadanie.a */ = {isa = PBXFileReference; explicitFileType = archive.ar; includeInIndex = 0; path = "libPods-zadanie.a"; sourceTree = BUILT_PRODUCTS_DIR; };
		E7091DAE1DFB9ECC007049D4 /* zadanie.app */ = {isa = PBXFileReference; explicitFileType = wrapper.application; includeInIndex = 0; path = zadanie.app; sourceTree = BUILT_PRODUCTS_DIR; };
		E7091DB21DFB9ECC007049D4 /* main.m */ = {isa = PBXFileReference; lastKnownFileType = sourcecode.c.objc; path = main.m; sourceTree = "<group>"; };
		E7091DB41DFB9ECC007049D4 /* AppDelegate.h */ = {isa = PBXFileReference; lastKnownFileType = sourcecode.c.h; path = AppDelegate.h; sourceTree = "<group>"; };
		E7091DB51DFB9ECC007049D4 /* AppDelegate.m */ = {isa = PBXFileReference; lastKnownFileType = sourcecode.c.objc; path = AppDelegate.m; sourceTree = "<group>"; };
		E7091DBD1DFB9ECC007049D4 /* Assets.xcassets */ = {isa = PBXFileReference; lastKnownFileType = folder.assetcatalog; path = Assets.xcassets; sourceTree = "<group>"; };
		E7091DC21DFB9ECC007049D4 /* Info.plist */ = {isa = PBXFileReference; lastKnownFileType = text.plist.xml; path = Info.plist; sourceTree = "<group>"; };
		E7091DC71DFB9ECC007049D4 /* zadanieTests.xctest */ = {isa = PBXFileReference; explicitFileType = wrapper.cfbundle; includeInIndex = 0; path = zadanieTests.xctest; sourceTree = BUILT_PRODUCTS_DIR; };
		E7091DCB1DFB9ECC007049D4 /* zadanieTests.m */ = {isa = PBXFileReference; lastKnownFileType = sourcecode.c.objc; path = zadanieTests.m; sourceTree = "<group>"; };
		E7091DCD1DFB9ECC007049D4 /* Info.plist */ = {isa = PBXFileReference; lastKnownFileType = text.plist.xml; path = Info.plist; sourceTree = "<group>"; };
		E7091DD21DFB9ECC007049D4 /* zadanieUITests.xctest */ = {isa = PBXFileReference; explicitFileType = wrapper.cfbundle; includeInIndex = 0; path = zadanieUITests.xctest; sourceTree = BUILT_PRODUCTS_DIR; };
		E7091DD61DFB9ECC007049D4 /* zadanieUITests.m */ = {isa = PBXFileReference; lastKnownFileType = sourcecode.c.objc; path = zadanieUITests.m; sourceTree = "<group>"; };
		E7091DD81DFB9ECC007049D4 /* Info.plist */ = {isa = PBXFileReference; lastKnownFileType = text.plist.xml; path = Info.plist; sourceTree = "<group>"; };
		E7091DE91DFBA634007049D4 /* SearchBarView.h */ = {isa = PBXFileReference; fileEncoding = 4; lastKnownFileType = sourcecode.c.h; path = SearchBarView.h; sourceTree = "<group>"; };
		E7091DEA1DFBA634007049D4 /* SearchBarView.m */ = {isa = PBXFileReference; fileEncoding = 4; lastKnownFileType = sourcecode.c.objc; path = SearchBarView.m; sourceTree = "<group>"; };
		E7091DEF1DFBAC88007049D4 /* PostsListViewViewController.h */ = {isa = PBXFileReference; fileEncoding = 4; lastKnownFileType = sourcecode.c.h; path = PostsListViewViewController.h; sourceTree = "<group>"; };
		E7091DF01DFBAC88007049D4 /* PostsListViewViewController.m */ = {isa = PBXFileReference; fileEncoding = 4; lastKnownFileType = sourcecode.c.objc; path = PostsListViewViewController.m; sourceTree = "<group>"; };
		E7091DF21DFBADA5007049D4 /* Zadanie-Prefix.pch */ = {isa = PBXFileReference; lastKnownFileType = sourcecode.c.h; path = "Zadanie-Prefix.pch"; sourceTree = "<group>"; };
/* End PBXFileReference section */

/* Begin PBXFrameworksBuildPhase section */
		E7091DAB1DFB9ECB007049D4 /* Frameworks */ = {
			isa = PBXFrameworksBuildPhase;
			buildActionMask = 2147483647;
			files = (
				D73502736FAD7952EC4C82E1 /* libPods-zadanie.a in Frameworks */,
			);
			runOnlyForDeploymentPostprocessing = 0;
		};
		E7091DC41DFB9ECC007049D4 /* Frameworks */ = {
			isa = PBXFrameworksBuildPhase;
			buildActionMask = 2147483647;
			files = (
			);
			runOnlyForDeploymentPostprocessing = 0;
		};
		E7091DCF1DFB9ECC007049D4 /* Frameworks */ = {
			isa = PBXFrameworksBuildPhase;
			buildActionMask = 2147483647;
			files = (
			);
			runOnlyForDeploymentPostprocessing = 0;
		};
/* End PBXFrameworksBuildPhase section */

/* Begin PBXGroup section */
		A58F8B81FB58392D652BECBC /* Pods */ = {
			isa = PBXGroup;
			children = (
				520CC01178FFBDCEE0B1BB69 /* Pods-zadanie.debug.xcconfig */,
				44605E36E82FDEB2DC18CEEB /* Pods-zadanie.release.xcconfig */,
			);
			name = Pods;
			sourceTree = "<group>";
		};
		D7E9BD07238D3ADC14583D22 /* Frameworks */ = {
			isa = PBXGroup;
			children = (
				E554E76F355D90F934F072A4 /* libPods-zadanie.a */,
			);
			name = Frameworks;
			sourceTree = "<group>";
		};
		E7091DA51DFB9ECB007049D4 = {
			isa = PBXGroup;
			children = (
				E7091DB01DFB9ECC007049D4 /* zadanie */,
				E7091DCA1DFB9ECC007049D4 /* zadanieTests */,
				E7091DD51DFB9ECC007049D4 /* zadanieUITests */,
				E7091DAF1DFB9ECC007049D4 /* Products */,
				A58F8B81FB58392D652BECBC /* Pods */,
				D7E9BD07238D3ADC14583D22 /* Frameworks */,
			);
			sourceTree = "<group>";
		};
		E7091DAF1DFB9ECC007049D4 /* Products */ = {
			isa = PBXGroup;
			children = (
				E7091DAE1DFB9ECC007049D4 /* zadanie.app */,
				E7091DC71DFB9ECC007049D4 /* zadanieTests.xctest */,
				E7091DD21DFB9ECC007049D4 /* zadanieUITests.xctest */,
			);
			name = Products;
			sourceTree = "<group>";
		};
		E7091DB01DFB9ECC007049D4 /* zadanie */ = {
			isa = PBXGroup;
			children = (
				E7091DF31DFBC96A007049D4 /* ApiManager */,
				E7091DE51DFBA56E007049D4 /* Views */,
				E7091DE41DFBA0CA007049D4 /* Controllers */,
				E7091DB41DFB9ECC007049D4 /* AppDelegate.h */,
				E7091DB51DFB9ECC007049D4 /* AppDelegate.m */,
				E7091DBD1DFB9ECC007049D4 /* Assets.xcassets */,
				E7091DC21DFB9ECC007049D4 /* Info.plist */,
				E7091DB11DFB9ECC007049D4 /* Supporting Files */,
			);
			path = zadanie;
			sourceTree = "<group>";
		};
		E7091DB11DFB9ECC007049D4 /* Supporting Files */ = {
			isa = PBXGroup;
			children = (
				E7091DB21DFB9ECC007049D4 /* main.m */,
				E7091DF21DFBADA5007049D4 /* Zadanie-Prefix.pch */,
			);
			name = "Supporting Files";
			sourceTree = "<group>";
		};
		E7091DCA1DFB9ECC007049D4 /* zadanieTests */ = {
			isa = PBXGroup;
			children = (
				E7091DCB1DFB9ECC007049D4 /* zadanieTests.m */,
				E7091DCD1DFB9ECC007049D4 /* Info.plist */,
			);
			path = zadanieTests;
			sourceTree = "<group>";
		};
		E7091DD51DFB9ECC007049D4 /* zadanieUITests */ = {
			isa = PBXGroup;
			children = (
				E7091DD61DFB9ECC007049D4 /* zadanieUITests.m */,
				E7091DD81DFB9ECC007049D4 /* Info.plist */,
			);
			path = zadanieUITests;
			sourceTree = "<group>";
		};
		E7091DE41DFBA0CA007049D4 /* Controllers */ = {
			isa = PBXGroup;
			children = (
				E7091DEF1DFBAC88007049D4 /* PostsListViewViewController.h */,
				E7091DF01DFBAC88007049D4 /* PostsListViewViewController.m */,
			);
			name = Controllers;
			sourceTree = "<group>";
		};
		E7091DE51DFBA56E007049D4 /* Views */ = {
			isa = PBXGroup;
			children = (
				E7091DE91DFBA634007049D4 /* SearchBarView.h */,
				E7091DEA1DFBA634007049D4 /* SearchBarView.m */,
			);
			name = Views;
			sourceTree = "<group>";
		};
		E7091DF31DFBC96A007049D4 /* ApiManager */ = {
			isa = PBXGroup;
			children = (
				E7091DF41DFBC970007049D4 /* Model */,
			);
			name = ApiManager;
			sourceTree = "<group>";
		};
		E7091DF41DFBC970007049D4 /* Model */ = {
			isa = PBXGroup;
			children = (
			);
			name = Model;
			sourceTree = "<group>";
		};
/* End PBXGroup section */

/* Begin PBXNativeTarget section */
		E7091DAD1DFB9ECB007049D4 /* zadanie */ = {
			isa = PBXNativeTarget;
			buildConfigurationList = E7091DDB1DFB9ECC007049D4 /* Build configuration list for PBXNativeTarget "zadanie" */;
			buildPhases = (
				02B8AA1F07BFB626104A42A8 /* [CP] Check Pods Manifest.lock */,
				E7091DAA1DFB9ECB007049D4 /* Sources */,
				E7091DAB1DFB9ECB007049D4 /* Frameworks */,
				E7091DAC1DFB9ECB007049D4 /* Resources */,
				DFD33A8D68D8266E035B5DC7 /* [CP] Embed Pods Frameworks */,
				EA44A84F73A92434E76FCCFD /* [CP] Copy Pods Resources */,
			);
			buildRules = (
			);
			dependencies = (
			);
			name = zadanie;
			productName = zadanie;
			productReference = E7091DAE1DFB9ECC007049D4 /* zadanie.app */;
			productType = "com.apple.product-type.application";
		};
		E7091DC61DFB9ECC007049D4 /* zadanieTests */ = {
			isa = PBXNativeTarget;
			buildConfigurationList = E7091DDE1DFB9ECC007049D4 /* Build configuration list for PBXNativeTarget "zadanieTests" */;
			buildPhases = (
				E7091DC31DFB9ECC007049D4 /* Sources */,
				E7091DC41DFB9ECC007049D4 /* Frameworks */,
				E7091DC51DFB9ECC007049D4 /* Resources */,
			);
			buildRules = (
			);
			dependencies = (
				E7091DC91DFB9ECC007049D4 /* PBXTargetDependency */,
			);
			name = zadanieTests;
			productName = zadanieTests;
			productReference = E7091DC71DFB9ECC007049D4 /* zadanieTests.xctest */;
			productType = "com.apple.product-type.bundle.unit-test";
		};
		E7091DD11DFB9ECC007049D4 /* zadanieUITests */ = {
			isa = PBXNativeTarget;
			buildConfigurationList = E7091DE11DFB9ECC007049D4 /* Build configuration list for PBXNativeTarget "zadanieUITests" */;
			buildPhases = (
				E7091DCE1DFB9ECC007049D4 /* Sources */,
				E7091DCF1DFB9ECC007049D4 /* Frameworks */,
				E7091DD01DFB9ECC007049D4 /* Resources */,
			);
			buildRules = (
			);
			dependencies = (
				E7091DD41DFB9ECC007049D4 /* PBXTargetDependency */,
			);
			name = zadanieUITests;
			productName = zadanieUITests;
			productReference = E7091DD21DFB9ECC007049D4 /* zadanieUITests.xctest */;
			productType = "com.apple.product-type.bundle.ui-testing";
		};
/* End PBXNativeTarget section */

/* Begin PBXProject section */
		E7091DA61DFB9ECB007049D4 /* Project object */ = {
			isa = PBXProject;
			attributes = {
				LastUpgradeCheck = 0810;
				ORGANIZATIONNAME = "Kacper Wolnik";
				TargetAttributes = {
					E7091DAD1DFB9ECB007049D4 = {
						CreatedOnToolsVersion = 8.1;
						DevelopmentTeam = J5AJCLAX66;
						ProvisioningStyle = Automatic;
					};
					E7091DC61DFB9ECC007049D4 = {
						CreatedOnToolsVersion = 8.1;
						ProvisioningStyle = Automatic;
						TestTargetID = E7091DAD1DFB9ECB007049D4;
					};
					E7091DD11DFB9ECC007049D4 = {
						CreatedOnToolsVersion = 8.1;
						ProvisioningStyle = Automatic;
						TestTargetID = E7091DAD1DFB9ECB007049D4;
					};
				};
			};
			buildConfigurationList = E7091DA91DFB9ECB007049D4 /* Build configuration list for PBXProject "zadanie" */;
			compatibilityVersion = "Xcode 3.2";
			developmentRegion = English;
			hasScannedForEncodings = 0;
			knownRegions = (
				en,
				Base,
			);
			mainGroup = E7091DA51DFB9ECB007049D4;
			productRefGroup = E7091DAF1DFB9ECC007049D4 /* Products */;
			projectDirPath = "";
			projectRoot = "";
			targets = (
				E7091DAD1DFB9ECB007049D4 /* zadanie */,
				E7091DC61DFB9ECC007049D4 /* zadanieTests */,
				E7091DD11DFB9ECC007049D4 /* zadanieUITests */,
			);
		};
/* End PBXProject section */

/* Begin PBXResourcesBuildPhase section */
		E7091DAC1DFB9ECB007049D4 /* Resources */ = {
			isa = PBXResourcesBuildPhase;
			buildActionMask = 2147483647;
			files = (
				E7091DBE1DFB9ECC007049D4 /* Assets.xcassets in Resources */,
			);
			runOnlyForDeploymentPostprocessing = 0;
		};
		E7091DC51DFB9ECC007049D4 /* Resources */ = {
			isa = PBXResourcesBuildPhase;
			buildActionMask = 2147483647;
			files = (
			);
			runOnlyForDeploymentPostprocessing = 0;
		};
		E7091DD01DFB9ECC007049D4 /* Resources */ = {
			isa = PBXResourcesBuildPhase;
			buildActionMask = 2147483647;
			files = (
			);
			runOnlyForDeploymentPostprocessing = 0;
		};
/* End PBXResourcesBuildPhase section */

/* Begin PBXShellScriptBuildPhase section */
		02B8AA1F07BFB626104A42A8 /* [CP] Check Pods Manifest.lock */ = {
			isa = PBXShellScriptBuildPhase;
			buildActionMask = 2147483647;
			files = (
			);
			inputPaths = (
			);
			name = "[CP] Check Pods Manifest.lock";
			outputPaths = (
			);
			runOnlyForDeploymentPostprocessing = 0;
			shellPath = /bin/sh;
			shellScript = "diff \"${PODS_ROOT}/../Podfile.lock\" \"${PODS_ROOT}/Manifest.lock\" > /dev/null\nif [ $? != 0 ] ; then\n    # print error to STDERR\n    echo \"error: The sandbox is not in sync with the Podfile.lock. Run 'pod install' or update your CocoaPods installation.\" >&2\n    exit 1\nfi\n";
			showEnvVarsInLog = 0;
		};
		DFD33A8D68D8266E035B5DC7 /* [CP] Embed Pods Frameworks */ = {
			isa = PBXShellScriptBuildPhase;
			buildActionMask = 2147483647;
			files = (
			);
			inputPaths = (
			);
			name = "[CP] Embed Pods Frameworks";
			outputPaths = (
			);
			runOnlyForDeploymentPostprocessing = 0;
			shellPath = /bin/sh;
			shellScript = "\"${SRCROOT}/Pods/Target Support Files/Pods-zadanie/Pods-zadanie-frameworks.sh\"\n";
			showEnvVarsInLog = 0;
		};
		EA44A84F73A92434E76FCCFD /* [CP] Copy Pods Resources */ = {
			isa = PBXShellScriptBuildPhase;
			buildActionMask = 2147483647;
			files = (
			);
			inputPaths = (
			);
			name = "[CP] Copy Pods Resources";
			outputPaths = (
			);
			runOnlyForDeploymentPostprocessing = 0;
			shellPath = /bin/sh;
			shellScript = "\"${SRCROOT}/Pods/Target Support Files/Pods-zadanie/Pods-zadanie-resources.sh\"\n";
			showEnvVarsInLog = 0;
		};
/* End PBXShellScriptBuildPhase section */

/* Begin PBXSourcesBuildPhase section */
		E7091DAA1DFB9ECB007049D4 /* Sources */ = {
			isa = PBXSourcesBuildPhase;
			buildActionMask = 2147483647;
			files = (
				E7091DEB1DFBA634007049D4 /* SearchBarView.m in Sources */,
				E7091DB61DFB9ECC007049D4 /* AppDelegate.m in Sources */,
				E7091DB31DFB9ECC007049D4 /* main.m in Sources */,
				E7091DF11DFBAC88007049D4 /* PostsListViewViewController.m in Sources */,
			);
			runOnlyForDeploymentPostprocessing = 0;
		};
		E7091DC31DFB9ECC007049D4 /* Sources */ = {
			isa = PBXSourcesBuildPhase;
			buildActionMask = 2147483647;
			files = (
				E7091DCC1DFB9ECC007049D4 /* zadanieTests.m in Sources */,
			);
			runOnlyForDeploymentPostprocessing = 0;
		};
		E7091DCE1DFB9ECC007049D4 /* Sources */ = {
			isa = PBXSourcesBuildPhase;
			buildActionMask = 2147483647;
			files = (
				E7091DD71DFB9ECC007049D4 /* zadanieUITests.m in Sources */,
			);
			runOnlyForDeploymentPostprocessing = 0;
		};
/* End PBXSourcesBuildPhase section */

/* Begin PBXTargetDependency section */
		E7091DC91DFB9ECC007049D4 /* PBXTargetDependency */ = {
			isa = PBXTargetDependency;
			target = E7091DAD1DFB9ECB007049D4 /* zadanie */;
			targetProxy = E7091DC81DFB9ECC007049D4 /* PBXContainerItemProxy */;
		};
		E7091DD41DFB9ECC007049D4 /* PBXTargetDependency */ = {
			isa = PBXTargetDependency;
			target = E7091DAD1DFB9ECB007049D4 /* zadanie */;
			targetProxy = E7091DD31DFB9ECC007049D4 /* PBXContainerItemProxy */;
		};
/* End PBXTargetDependency section */

/* Begin XCBuildConfiguration section */
		E7091DD91DFB9ECC007049D4 /* Debug */ = {
			isa = XCBuildConfiguration;
			buildSettings = {
				ALWAYS_SEARCH_USER_PATHS = NO;
				CLANG_ANALYZER_NONNULL = YES;
				CLANG_CXX_LANGUAGE_STANDARD = "gnu++0x";
				CLANG_CXX_LIBRARY = "libc++";
				CLANG_ENABLE_MODULES = YES;
				CLANG_ENABLE_OBJC_ARC = YES;
				CLANG_WARN_BOOL_CONVERSION = YES;
				CLANG_WARN_CONSTANT_CONVERSION = YES;
				CLANG_WARN_DIRECT_OBJC_ISA_USAGE = YES_ERROR;
				CLANG_WARN_DOCUMENTATION_COMMENTS = YES;
				CLANG_WARN_EMPTY_BODY = YES;
				CLANG_WARN_ENUM_CONVERSION = YES;
				CLANG_WARN_INFINITE_RECURSION = YES;
				CLANG_WARN_INT_CONVERSION = YES;
				CLANG_WARN_OBJC_ROOT_CLASS = YES_ERROR;
				CLANG_WARN_SUSPICIOUS_MOVES = YES;
				CLANG_WARN_UNREACHABLE_CODE = YES;
				CLANG_WARN__DUPLICATE_METHOD_MATCH = YES;
				"CODE_SIGN_IDENTITY[sdk=iphoneos*]" = "iPhone Developer";
				COPY_PHASE_STRIP = NO;
				DEBUG_INFORMATION_FORMAT = dwarf;
				ENABLE_STRICT_OBJC_MSGSEND = YES;
				ENABLE_TESTABILITY = YES;
				GCC_C_LANGUAGE_STANDARD = gnu99;
				GCC_DYNAMIC_NO_PIC = NO;
				GCC_NO_COMMON_BLOCKS = YES;
				GCC_OPTIMIZATION_LEVEL = 0;
				GCC_PREPROCESSOR_DEFINITIONS = (
					"DEBUG=1",
					"$(inherited)",
				);
				GCC_WARN_64_TO_32_BIT_CONVERSION = YES;
				GCC_WARN_ABOUT_RETURN_TYPE = YES_ERROR;
				GCC_WARN_UNDECLARED_SELECTOR = YES;
				GCC_WARN_UNINITIALIZED_AUTOS = YES_AGGRESSIVE;
				GCC_WARN_UNUSED_FUNCTION = YES;
				GCC_WARN_UNUSED_VARIABLE = YES;
				IPHONEOS_DEPLOYMENT_TARGET = 10.1;
				MTL_ENABLE_DEBUG_INFO = YES;
				ONLY_ACTIVE_ARCH = YES;
				SDKROOT = iphoneos;
				TARGETED_DEVICE_FAMILY = "1,2";
			};
			name = Debug;
		};
		E7091DDA1DFB9ECC007049D4 /* Release */ = {
			isa = XCBuildConfiguration;
			buildSettings = {
				ALWAYS_SEARCH_USER_PATHS = NO;
				CLANG_ANALYZER_NONNULL = YES;
				CLANG_CXX_LANGUAGE_STANDARD = "gnu++0x";
				CLANG_CXX_LIBRARY = "libc++";
				CLANG_ENABLE_MODULES = YES;
				CLANG_ENABLE_OBJC_ARC = YES;
				CLANG_WARN_BOOL_CONVERSION = YES;
				CLANG_WARN_CONSTANT_CONVERSION = YES;
				CLANG_WARN_DIRECT_OBJC_ISA_USAGE = YES_ERROR;
				CLANG_WARN_DOCUMENTATION_COMMENTS = YES;
				CLANG_WARN_EMPTY_BODY = YES;
				CLANG_WARN_ENUM_CONVERSION = YES;
				CLANG_WARN_INFINITE_RECURSION = YES;
				CLANG_WARN_INT_CONVERSION = YES;
				CLANG_WARN_OBJC_ROOT_CLASS = YES_ERROR;
				CLANG_WARN_SUSPICIOUS_MOVES = YES;
				CLANG_WARN_UNREACHABLE_CODE = YES;
				CLANG_WARN__DUPLICATE_METHOD_MATCH = YES;
				"CODE_SIGN_IDENTITY[sdk=iphoneos*]" = "iPhone Developer";
				COPY_PHASE_STRIP = NO;
				DEBUG_INFORMATION_FORMAT = "dwarf-with-dsym";
				ENABLE_NS_ASSERTIONS = NO;
				ENABLE_STRICT_OBJC_MSGSEND = YES;
				GCC_C_LANGUAGE_STANDARD = gnu99;
				GCC_NO_COMMON_BLOCKS = YES;
				GCC_WARN_64_TO_32_BIT_CONVERSION = YES;
				GCC_WARN_ABOUT_RETURN_TYPE = YES_ERROR;
				GCC_WARN_UNDECLARED_SELECTOR = YES;
				GCC_WARN_UNINITIALIZED_AUTOS = YES_AGGRESSIVE;
				GCC_WARN_UNUSED_FUNCTION = YES;
				GCC_WARN_UNUSED_VARIABLE = YES;
				IPHONEOS_DEPLOYMENT_TARGET = 10.1;
				MTL_ENABLE_DEBUG_INFO = NO;
				SDKROOT = iphoneos;
				TARGETED_DEVICE_FAMILY = "1,2";
				VALIDATE_PRODUCT = YES;
			};
			name = Release;
		};
		E7091DDC1DFB9ECC007049D4 /* Debug */ = {
			isa = XCBuildConfiguration;
			baseConfigurationReference = 520CC01178FFBDCEE0B1BB69 /* Pods-zadanie.debug.xcconfig */;
			buildSettings = {
				ASSETCATALOG_COMPILER_APPICON_NAME = AppIcon;
				"CODE_SIGN_IDENTITY[sdk=iphoneos*]" = "iPhone Developer";
				DEVELOPMENT_TEAM = J5AJCLAX66;
				GCC_PRECOMPILE_PREFIX_HEADER = YES;
				GCC_PREFIX_HEADER = "/Users/kacper/Desktop/zadanie/zadanie/Zadanie-Prefix.pch";
				INFOPLIST_FILE = zadanie/Info.plist;
				LD_RUNPATH_SEARCH_PATHS = "$(inherited) @executable_path/Frameworks";
				PRODUCT_BUNDLE_IDENTIFIER = Kacper.zadanie;
				PRODUCT_NAME = "$(TARGET_NAME)";
			};
			name = Debug;
		};
		E7091DDD1DFB9ECC007049D4 /* Release */ = {
			isa = XCBuildConfiguration;
			baseConfigurationReference = 44605E36E82FDEB2DC18CEEB /* Pods-zadanie.release.xcconfig */;
			buildSettings = {
				ASSETCATALOG_COMPILER_APPICON_NAME = AppIcon;
				"CODE_SIGN_IDENTITY[sdk=iphoneos*]" = "iPhone Developer";
				DEVELOPMENT_TEAM = J5AJCLAX66;
				GCC_PRECOMPILE_PREFIX_HEADER = YES;
				GCC_PREFIX_HEADER = "/Users/kacper/Desktop/zadanie/zadanie/Zadanie-Prefix.pch";
				INFOPLIST_FILE = zadanie/Info.plist;
				LD_RUNPATH_SEARCH_PATHS = "$(inherited) @executable_path/Frameworks";
				PRODUCT_BUNDLE_IDENTIFIER = Kacper.zadanie;
				PRODUCT_NAME = "$(TARGET_NAME)";
			};
			name = Release;
		};
		E7091DDF1DFB9ECC007049D4 /* Debug */ = {
			isa = XCBuildConfiguration;
			buildSettings = {
				BUNDLE_LOADER = "$(TEST_HOST)";
				INFOPLIST_FILE = zadanieTests/Info.plist;
				LD_RUNPATH_SEARCH_PATHS = "$(inherited) @executable_path/Frameworks @loader_path/Frameworks";
				PRODUCT_BUNDLE_IDENTIFIER = Kacpi.zadanieTests;
				PRODUCT_NAME = "$(TARGET_NAME)";
				TEST_HOST = "$(BUILT_PRODUCTS_DIR)/zadanie.app/zadanie";
			};
			name = Debug;
		};
		E7091DE01DFB9ECC007049D4 /* Release */ = {
			isa = XCBuildConfiguration;
			buildSettings = {
				BUNDLE_LOADER = "$(TEST_HOST)";
				INFOPLIST_FILE = zadanieTests/Info.plist;
				LD_RUNPATH_SEARCH_PATHS = "$(inherited) @executable_path/Frameworks @loader_path/Frameworks";
				PRODUCT_BUNDLE_IDENTIFIER = Kacpi.zadanieTests;
				PRODUCT_NAME = "$(TARGET_NAME)";
				TEST_HOST = "$(BUILT_PRODUCTS_DIR)/zadanie.app/zadanie";
			};
			name = Release;
		};
		E7091DE21DFB9ECC007049D4 /* Debug */ = {
			isa = XCBuildConfiguration;
			buildSettings = {
				INFOPLIST_FILE = zadanieUITests/Info.plist;
				LD_RUNPATH_SEARCH_PATHS = "$(inherited) @executable_path/Frameworks @loader_path/Frameworks";
				PRODUCT_BUNDLE_IDENTIFIER = Kacpi.zadanieUITests;
				PRODUCT_NAME = "$(TARGET_NAME)";
				TEST_TARGET_NAME = zadanie;
			};
			name = Debug;
		};
		E7091DE31DFB9ECC007049D4 /* Release */ = {
			isa = XCBuildConfiguration;
			buildSettings = {
				INFOPLIST_FILE = zadanieUITests/Info.plist;
				LD_RUNPATH_SEARCH_PATHS = "$(inherited) @executable_path/Frameworks @loader_path/Frameworks";
				PRODUCT_BUNDLE_IDENTIFIER = Kacpi.zadanieUITests;
				PRODUCT_NAME = "$(TARGET_NAME)";
				TEST_TARGET_NAME = zadanie;
			};
			name = Release;
		};
/* End XCBuildConfiguration section */

/* Begin XCConfigurationList section */
		E7091DA91DFB9ECB007049D4 /* Build configuration list for PBXProject "zadanie" */ = {
			isa = XCConfigurationList;
			buildConfigurations = (
				E7091DD91DFB9ECC007049D4 /* Debug */,
				E7091DDA1DFB9ECC007049D4 /* Release */,
			);
			defaultConfigurationIsVisible = 0;
			defaultConfigurationName = Release;
		};
		E7091DDB1DFB9ECC007049D4 /* Build configuration list for PBXNativeTarget "zadanie" */ = {
			isa = XCConfigurationList;
			buildConfigurations = (
				E7091DDC1DFB9ECC007049D4 /* Debug */,
				E7091DDD1DFB9ECC007049D4 /* Release */,
			);
			defaultConfigurationIsVisible = 0;
			defaultConfigurationName = Release;
		};
		E7091DDE1DFB9ECC007049D4 /* Build configuration list for PBXNativeTarget "zadanieTests" */ = {
			isa = XCConfigurationList;
			buildConfigurations = (
				E7091DDF1DFB9ECC007049D4 /* Debug */,
				E7091DE01DFB9ECC007049D4 /* Release */,
			);
			defaultConfigurationIsVisible = 0;
			defaultConfigurationName = Release;
		};
		E7091DE11DFB9ECC007049D4 /* Build configuration list for PBXNativeTarget "zadanieUITests" */ = {
			isa = XCConfigurationList;
			buildConfigurations = (
				E7091DE21DFB9ECC007049D4 /* Debug */,
				E7091DE31DFB9ECC007049D4 /* Release */,
			);
			defaultConfigurationIsVisible = 0;
			defaultConfigurationName = Release;
		};
/* End XCConfigurationList section */
	};
	rootObject = E7091DA61DFB9ECB007049D4 /* Project object */;
}
